
Microsoft Visual Studio Solution File, Format Version 12.00
# Visual Studio Version 16
VisualStudioVersion = 16.0.29020.237
MinimumVisualStudioVersion = 10.0.40219.1
Project("{FAE04EC0-301F-11D3-BF4B-00C04F79EFBC}") = "Starcraft", "Starcraft\Starcraft.csproj", "{3B942B01-EBCD-4F1A-B3DD-C6BDF9E606D5}"
EndProject
Project("{FAE04EC0-301F-11D3-BF4B-00C04F79EFBC}") = "StarcraftLibrary", "StarcraftLibrary\StarcraftLibrary.csproj", "{0D8845EC-05AA-42E2-AA90-C10011CD9A4E}"
EndProject
Global
	GlobalSection(SolutionConfigurationPlatforms) = preSolution
		Debug|Any CPU = Debug|Any CPU
		Release|Any CPU = Release|Any CPU
	EndGlobalSection
	GlobalSection(ProjectConfigurationPlatforms) = postSolution
		{3B942B01-EBCD-4F1A-B3DD-C6BDF9E606D5}.Debug|Any CPU.ActiveCfg = Debug|Any CPU
		{3B942B01-EBCD-4F1A-B3DD-C6BDF9E606D5}.Debug|Any CPU.Build.0 = Debug|Any CPU
		{3B942B01-EBCD-4F1A-B3DD-C6BDF9E606D5}.Release|Any CPU.ActiveCfg = Release|Any CPU
		{3B942B01-EBCD-4F1A-B3DD-C6BDF9E606D5}.Release|Any CPU.Build.0 = Release|Any CPU
		{0D8845EC-05AA-42E2-AA90-C10011CD9A4E}.Debug|Any CPU.ActiveCfg = Debug|Any CPU
		{0D8845EC-05AA-42E2-AA90-C10011CD9A4E}.Debug|Any CPU.Build.0 = Debug|Any CPU
		{0D8845EC-05AA-42E2-AA90-C10011CD9A4E}.Release|Any CPU.ActiveCfg = Release|Any CPU
		{0D8845EC-05AA-42E2-AA90-C10011CD9A4E}.Release|Any CPU.Build.0 = Release|Any CPU
	EndGlobalSection
	GlobalSection(SolutionProperties) = preSolution
		HideSolutionNode = FALSE
	EndGlobalSection
	GlobalSection(ExtensibilityGlobals) = postSolution
		SolutionGuid = {E4158465-2E7A-4188-B37B-8827DA134194}
	EndGlobalSection
EndGlobal
